
Microsoft Visual Studio Solution File, Format Version 12.00
# Visual Studio Version 16
VisualStudioVersion = 16.0.31829.152
MinimumVisualStudioVersion = 10.0.40219.1
Project("{FAE04EC0-301F-11D3-BF4B-00C04F79EFBC}") = "WpfTask15", "WpfTask15\WpfTask15.csproj", "{D45865F5-0369-427D-A3CB-FB3D9781E98C}"
EndProject
Global
	GlobalSection(SolutionConfigurationPlatforms) = preSolution
		Debug|Any CPU = Debug|Any CPU
		Release|Any CPU = Release|Any CPU
	EndGlobalSection
	GlobalSection(ProjectConfigurationPlatforms) = postSolution
		{D45865F5-0369-427D-A3CB-FB3D9781E98C}.Debug|Any CPU.ActiveCfg = Debug|Any CPU
		{D45865F5-0369-427D-A3CB-FB3D9781E98C}.Debug|Any CPU.Build.0 = Debug|Any CPU
		{D45865F5-0369-427D-A3CB-FB3D9781E98C}.Release|Any CPU.ActiveCfg = Release|Any CPU
		{D45865F5-0369-427D-A3CB-FB3D9781E98C}.Release|Any CPU.Build.0 = Release|Any CPU
	EndGlobalSection
	GlobalSection(SolutionProperties) = preSolution
		HideSolutionNode = FALSE
	EndGlobalSection
	GlobalSection(ExtensibilityGlobals) = postSolution
		SolutionGuid = {B2CB811E-6822-4AC9-984C-C502F0009B9C}
	EndGlobalSection
EndGlobal
